github.com/nursik/go-expire-map v1.0.0 h1:ZiOm0NzfGZ05E/2mUsYfTysGFG0X2KlYlK1CRbqmzB8=
github.com/nursik/go-expire-map v1.0.0/go.mod h1:pJV2T7n+1r/baRmREYgHKqmX0eoRkdo0g9DjoMTapys=
github.com/nursik/go-ordered-set v0.0.0-20190626022851-0e8872c36517 h1:jau4pavdQo5lHeVTjZEGrm4+zvVGZj8SFQt4awsLLXE=
github.com/nursik/go-ordered-set v0.0.0-20190626022851-0e8872c36517/go.mod h1:qFI7Mmmx8i+Qz8a52FarvpgPQzylvD3w77JAwvnFtKg=
