# This file is autogenerated, do not edit; changes may be undone by the next 'dep ensure'.


[[projects]]
  branch = "master"
  digest = "1:c437ec079e8e5b8d3d810459d612d1b9e1117020d6ff16f010041ce996d64a06"
  name = "github.com/nursik/go-ordered-set"
  packages = ["."]
  pruneopts = "UT"
  revision = "0e8872c365170175b84011f5fbd3679dca2bec2b"

[solve-meta]
  analyzer-name = "dep"
  analyzer-version = 1
  input-imports = ["github.com/nursik/go-ordered-set"]
  solver-name = "gps-cdcl"
  solver-version = 1
